
Microsoft Visual Studio Solution File, Format Version 12.00
# Visual Studio Version 17
VisualStudioVersion = 17.7.34031.279
MinimumVisualStudioVersion = 10.0.40219.1
Project("{FAE04EC0-301F-11D3-BF4B-00C04F79EFBC}") = "QuickSort", "QuickSort\QuickSort.csproj", "{F74AD1DF-BF2E-4009-B86A-884252C27968}"
EndProject
Global
	GlobalSection(SolutionConfigurationPlatforms) = preSolution
		Debug|Any CPU = Debug|Any CPU
		Release|Any CPU = Release|Any CPU
	EndGlobalSection
	GlobalSection(ProjectConfigurationPlatforms) = postSolution
		{F74AD1DF-BF2E-4009-B86A-884252C27968}.Debug|Any CPU.ActiveCfg = Debug|Any CPU
		{F74AD1DF-BF2E-4009-B86A-884252C27968}.Debug|Any CPU.Build.0 = Debug|Any CPU
		{F74AD1DF-BF2E-4009-B86A-884252C27968}.Release|Any CPU.ActiveCfg = Release|Any CPU
		{F74AD1DF-BF2E-4009-B86A-884252C27968}.Release|Any CPU.Build.0 = Release|Any CPU
	EndGlobalSection
	GlobalSection(SolutionProperties) = preSolution
		HideSolutionNode = FALSE
	EndGlobalSection
	GlobalSection(ExtensibilityGlobals) = postSolution
		SolutionGuid = {12A09F31-7C74-41BA-B4C5-868FBD7DD638}
	EndGlobalSection
EndGlobal
